// !$*UTF8*$!
{
	archiveVersion = 1;
	classes = {
	};
	objectVersion = 46;
	objects = {

/* Begin PBXBuildFile section */
		5283E0751C7E37CB00FB716B /* Client.swift in Sources */ = {isa = PBXBuildFile; fileRef = 5283E0741C7E37CB00FB716B /* Client.swift */; };
		5283E0791C88E09E00FB716B /* NewClientViewController.swift in Sources */ = {isa = PBXBuildFile; fileRef = 5283E0781C88E09E00FB716B /* NewClientViewController.swift */; };
		5283E07B1C890A8300FB716B /* WorkoutsViewController.swift in Sources */ = {isa = PBXBuildFile; fileRef = 5283E07A1C890A8300FB716B /* WorkoutsViewController.swift */; };
		5283E07D1C890D5D00FB716B /* WorkoutNameViewController.swift in Sources */ = {isa = PBXBuildFile; fileRef = 5283E07C1C890D5D00FB716B /* WorkoutNameViewController.swift */; };
		5283E07F1C890E6200FB716B /* ExercisesViewController.swift in Sources */ = {isa = PBXBuildFile; fileRef = 5283E07E1C890E6200FB716B /* ExercisesViewController.swift */; };
		5283E0841C89F53200FB716B /* ClientViewController.swift in Sources */ = {isa = PBXBuildFile; fileRef = 5283E0831C89F53200FB716B /* ClientViewController.swift */; };
		5283E0861C8B8B1100FB716B /* Workout.swift in Sources */ = {isa = PBXBuildFile; fileRef = 5283E0851C8B8B1100FB716B /* Workout.swift */; };
		5283E0881C8B998600FB716B /* Exercise.swift in Sources */ = {isa = PBXBuildFile; fileRef = 5283E0871C8B998600FB716B /* Exercise.swift */; };
		5283E08A1C8BA46B00FB716B /* ExerciseDetailViewController.swift in Sources */ = {isa = PBXBuildFile; fileRef = 5283E0891C8BA46B00FB716B /* ExerciseDetailViewController.swift */; };
		52F6A89F1C5F0036000FD7B0 /* AppDelegate.swift in Sources */ = {isa = PBXBuildFile; fileRef = 52F6A89E1C5F0036000FD7B0 /* AppDelegate.swift */; };
		52F6A8A41C5F0036000FD7B0 /* Main.storyboard in Resources */ = {isa = PBXBuildFile; fileRef = 52F6A8A21C5F0036000FD7B0 /* Main.storyboard */; };
		52F6A8A61C5F0036000FD7B0 /* Assets.xcassets in Resources */ = {isa = PBXBuildFile; fileRef = 52F6A8A51C5F0036000FD7B0 /* Assets.xcassets */; };
		52F6A8A91C5F0036000FD7B0 /* LaunchScreen.storyboard in Resources */ = {isa = PBXBuildFile; fileRef = 52F6A8A71C5F0036000FD7B0 /* LaunchScreen.storyboard */; };
		52F6A8B11C5F0145000FD7B0 /* NewExerciseViewController.swift in Sources */ = {isa = PBXBuildFile; fileRef = 52F6A8B01C5F0145000FD7B0 /* NewExerciseViewController.swift */; };
		52FCD5B51CB2C44E008B0472 /* WorkoutCustomCell.swift in Sources */ = {isa = PBXBuildFile; fileRef = 52FCD5B41CB2C44E008B0472 /* WorkoutCustomCell.swift */; };
/* End PBXBuildFile section */

/* Begin PBXFileReference section */
		5283E0741C7E37CB00FB716B /* Client.swift */ = {isa = PBXFileReference; fileEncoding = 4; lastKnownFileType = sourcecode.swift; path = Client.swift; sourceTree = "<group>"; };
		5283E0781C88E09E00FB716B /* NewClientViewController.swift */ = {isa = PBXFileReference; fileEncoding = 4; lastKnownFileType = sourcecode.swift; name = NewClientViewController.swift; path = ../NewClientViewController.swift; sourceTree = "<group>"; };
		5283E07A1C890A8300FB716B /* WorkoutsViewController.swift */ = {isa = PBXFileReference; fileEncoding = 4; lastKnownFileType = sourcecode.swift; path = WorkoutsViewController.swift; sourceTree = "<group>"; };
		5283E07C1C890D5D00FB716B /* WorkoutNameViewController.swift */ = {isa = PBXFileReference; fileEncoding = 4; lastKnownFileType = sourcecode.swift; path = WorkoutNameViewController.swift; sourceTree = "<group>"; };
		5283E07E1C890E6200FB716B /* ExercisesViewController.swift */ = {isa = PBXFileReference; fileEncoding = 4; lastKnownFileType = sourcecode.swift; path = ExercisesViewController.swift; sourceTree = "<group>"; };
		5283E0831C89F53200FB716B /* ClientViewController.swift */ = {isa = PBXFileReference; fileEncoding = 4; lastKnownFileType = sourcecode.swift; name = ClientViewController.swift; path = ../ClientViewController.swift; sourceTree = "<group>"; };
		5283E0851C8B8B1100FB716B /* Workout.swift */ = {isa = PBXFileReference; fileEncoding = 4; lastKnownFileType = sourcecode.swift; path = Workout.swift; sourceTree = "<group>"; };
		5283E0871C8B998600FB716B /* Exercise.swift */ = {isa = PBXFileReference; fileEncoding = 4; lastKnownFileType = sourcecode.swift; path = Exercise.swift; sourceTree = "<group>"; };
		5283E0891C8BA46B00FB716B /* ExerciseDetailViewController.swift */ = {isa = PBXFileReference; fileEncoding = 4; lastKnownFileType = sourcecode.swift; name = ExerciseDetailViewController.swift; path = ../ExerciseDetailViewController.swift; sourceTree = "<group>"; };
		52F6A89B1C5F0036000FD7B0 /* WorkoutTracker.app */ = {isa = PBXFileReference; explicitFileType = wrapper.application; includeInIndex = 0; path = WorkoutTracker.app; sourceTree = BUILT_PRODUCTS_DIR; };
		52F6A89E1C5F0036000FD7B0 /* AppDelegate.swift */ = {isa = PBXFileReference; lastKnownFileType = sourcecode.swift; path = AppDelegate.swift; sourceTree = "<group>"; };
		52F6A8A31C5F0036000FD7B0 /* Base */ = {isa = PBXFileReference; lastKnownFileType = file.storyboard; name = Base; path = Base.lproj/Main.storyboard; sourceTree = "<group>"; };
		52F6A8A51C5F0036000FD7B0 /* Assets.xcassets */ = {isa = PBXFileReference; lastKnownFileType = folder.assetcatalog; path = Assets.xcassets; sourceTree = "<group>"; };
		52F6A8A81C5F0036000FD7B0 /* Base */ = {isa = PBXFileReference; lastKnownFileType = file.storyboard; name = Base; path = Base.lproj/LaunchScreen.storyboard; sourceTree = "<group>"; };
		52F6A8AA1C5F0036000FD7B0 /* Info.plist */ = {isa = PBXFileReference; lastKnownFileType = text.plist.xml; path = Info.plist; sourceTree = "<group>"; };
		52F6A8B01C5F0145000FD7B0 /* NewExerciseViewController.swift */ = {isa = PBXFileReference; fileEncoding = 4; lastKnownFileType = sourcecode.swift; path = NewExerciseViewController.swift; sourceTree = "<group>"; };
		52FCD5B41CB2C44E008B0472 /* WorkoutCustomCell.swift */ = {isa = PBXFileReference; fileEncoding = 4; lastKnownFileType = sourcecode.swift; path = WorkoutCustomCell.swift; sourceTree = "<group>"; };
/* End PBXFileReference section */

/* Begin PBXFrameworksBuildPhase section */
		52F6A8981C5F0036000FD7B0 /* Frameworks */ = {
			isa = PBXFrameworksBuildPhase;
			buildActionMask = 2147483647;
			files = (
			);
			runOnlyForDeploymentPostprocessing = 0;
		};
/* End PBXFrameworksBuildPhase section */

/* Begin PBXGroup section */
		5283E0801C89130500FB716B /* Controllers */ = {
			isa = PBXGroup;
			children = (
				5283E0831C89F53200FB716B /* ClientViewController.swift */,
				5283E0781C88E09E00FB716B /* NewClientViewController.swift */,
				5283E07A1C890A8300FB716B /* WorkoutsViewController.swift */,
				52FCD5B41CB2C44E008B0472 /* WorkoutCustomCell.swift */,
				5283E07C1C890D5D00FB716B /* WorkoutNameViewController.swift */,
				5283E07E1C890E6200FB716B /* ExercisesViewController.swift */,
				5283E0891C8BA46B00FB716B /* ExerciseDetailViewController.swift */,
				52F6A8B01C5F0145000FD7B0 /* NewExerciseViewController.swift */,
			);
			name = Controllers;
			sourceTree = "<group>";
		};
		52F6A8921C5F0036000FD7B0 = {
			isa = PBXGroup;
			children = (
				52F6A89D1C5F0036000FD7B0 /* WorkoutTracker */,
				52F6A89C1C5F0036000FD7B0 /* Products */,
			);
			sourceTree = "<group>";
		};
		52F6A89C1C5F0036000FD7B0 /* Products */ = {
			isa = PBXGroup;
			children = (
				52F6A89B1C5F0036000FD7B0 /* WorkoutTracker.app */,
			);
			name = Products;
			sourceTree = "<group>";
		};
		52F6A89D1C5F0036000FD7B0 /* WorkoutTracker */ = {
			isa = PBXGroup;
			children = (
				52FCD5C21CB59F87008B0472 /* Models */,
				5283E0801C89130500FB716B /* Controllers */,
				52F6A89E1C5F0036000FD7B0 /* AppDelegate.swift */,
				52F6A8A21C5F0036000FD7B0 /* Main.storyboard */,
				52F6A8A51C5F0036000FD7B0 /* Assets.xcassets */,
				52F6A8A71C5F0036000FD7B0 /* LaunchScreen.storyboard */,
				52F6A8AA1C5F0036000FD7B0 /* Info.plist */,
			);
			path = WorkoutTracker;
			sourceTree = "<group>";
		};
		52FCD5C21CB59F87008B0472 /* Models */ = {
			isa = PBXGroup;
			children = (
				5283E0741C7E37CB00FB716B /* Client.swift */,
				5283E0851C8B8B1100FB716B /* Workout.swift */,
				5283E0871C8B998600FB716B /* Exercise.swift */,
			);
			name = Models;
			sourceTree = "<group>";
		};
/* End PBXGroup section */

/* Begin PBXNativeTarget section */
		52F6A89A1C5F0036000FD7B0 /* WorkoutTracker */ = {
			isa = PBXNativeTarget;
			buildConfigurationList = 52F6A8AD1C5F0036000FD7B0 /* Build configuration list for PBXNativeTarget "WorkoutTracker" */;
			buildPhases = (
				52F6A8971C5F0036000FD7B0 /* Sources */,
				52F6A8981C5F0036000FD7B0 /* Frameworks */,
				52F6A8991C5F0036000FD7B0 /* Resources */,
			);
			buildRules = (
			);
			dependencies = (
			);
			name = WorkoutTracker;
			productName = WorkoutTracker;
			productReference = 52F6A89B1C5F0036000FD7B0 /* WorkoutTracker.app */;
			productType = "com.apple.product-type.application";
		};
/* End PBXNativeTarget section */

/* Begin PBXProject section */
		52F6A8931C5F0036000FD7B0 /* Project object */ = {
			isa = PBXProject;
			attributes = {
				LastSwiftUpdateCheck = 0720;
				LastUpgradeCheck = 0720;
				ORGANIZATIONNAME = "Stefan Auvergne";
				TargetAttributes = {
					52F6A89A1C5F0036000FD7B0 = {
						CreatedOnToolsVersion = 7.2;
						DevelopmentTeam = JE9824DC59;
					};
				};
			};
			buildConfigurationList = 52F6A8961C5F0036000FD7B0 /* Build configuration list for PBXProject "WorkoutTracker" */;
			compatibilityVersion = "Xcode 3.2";
			developmentRegion = English;
			hasScannedForEncodings = 0;
			knownRegions = (
				en,
				Base,
			);
			mainGroup = 52F6A8921C5F0036000FD7B0;
			productRefGroup = 52F6A89C1C5F0036000FD7B0 /* Products */;
			projectDirPath = "";
			projectRoot = "";
			targets = (
				52F6A89A1C5F0036000FD7B0 /* WorkoutTracker */,
			);
		};
/* End PBXProject section */

/* Begin PBXResourcesBuildPhase section */
		52F6A8991C5F0036000FD7B0 /* Resources */ = {
			isa = PBXResourcesBuildPhase;
			buildActionMask = 2147483647;
			files = (
				52F6A8A91C5F0036000FD7B0 /* LaunchScreen.storyboard in Resources */,
				52F6A8A61C5F0036000FD7B0 /* Assets.xcassets in Resources */,
				52F6A8A41C5F0036000FD7B0 /* Main.storyboard in Resources */,
			);
			runOnlyForDeploymentPostprocessing = 0;
		};
/* End PBXResourcesBuildPhase section */

/* Begin PBXSourcesBuildPhase section */
		52F6A8971C5F0036000FD7B0 /* Sources */ = {
			isa = PBXSourcesBuildPhase;
			buildActionMask = 2147483647;
			files = (
				5283E0841C89F53200FB716B /* ClientViewController.swift in Sources */,
				5283E0751C7E37CB00FB716B /* Client.swift in Sources */,
				52F6A8B11C5F0145000FD7B0 /* NewExerciseViewController.swift in Sources */,
				5283E08A1C8BA46B00FB716B /* ExerciseDetailViewController.swift in Sources */,
				52FCD5B51CB2C44E008B0472 /* WorkoutCustomCell.swift in Sources */,
				5283E07F1C890E6200FB716B /* ExercisesViewController.swift in Sources */,
				5283E07B1C890A8300FB716B /* WorkoutsViewController.swift in Sources */,
				5283E0861C8B8B1100FB716B /* Workout.swift in Sources */,
				5283E0881C8B998600FB716B /* Exercise.swift in Sources */,
				5283E0791C88E09E00FB716B /* NewClientViewController.swift in Sources */,
				5283E07D1C890D5D00FB716B /* WorkoutNameViewController.swift in Sources */,
				52F6A89F1C5F0036000FD7B0 /* AppDelegate.swift in Sources */,
			);
			runOnlyForDeploymentPostprocessing = 0;
		};
/* End PBXSourcesBuildPhase section */

/* Begin PBXVariantGroup section */
		52F6A8A21C5F0036000FD7B0 /* Main.storyboard */ = {
			isa = PBXVariantGroup;
			children = (
				52F6A8A31C5F0036000FD7B0 /* Base */,
			);
			name = Main.storyboard;
			sourceTree = "<group>";
		};
		52F6A8A71C5F0036000FD7B0 /* LaunchScreen.storyboard */ = {
			isa = PBXVariantGroup;
			children = (
				52F6A8A81C5F0036000FD7B0 /* Base */,
			);
			name = LaunchScreen.storyboard;
			sourceTree = "<group>";
		};
/* End PBXVariantGroup section */

/* Begin XCBuildConfiguration section */
		52F6A8AB1C5F0036000FD7B0 /* Debug */ = {
			isa = XCBuildConfiguration;
			buildSettings = {
				ALWAYS_SEARCH_USER_PATHS = NO;
				CLANG_CXX_LANGUAGE_STANDARD = "gnu++0x";
				CLANG_CXX_LIBRARY = "libc++";
				CLANG_ENABLE_MODULES = YES;
				CLANG_ENABLE_OBJC_ARC = YES;
				CLANG_WARN_BOOL_CONVERSION = YES;
				CLANG_WARN_CONSTANT_CONVERSION = YES;
				CLANG_WARN_DIRECT_OBJC_ISA_USAGE = YES_ERROR;
				CLANG_WARN_EMPTY_BODY = YES;
				CLANG_WARN_ENUM_CONVERSION = YES;
				CLANG_WARN_INT_CONVERSION = YES;
				CLANG_WARN_OBJC_ROOT_CLASS = YES_ERROR;
				CLANG_WARN_UNREACHABLE_CODE = YES;
				CLANG_WARN__DUPLICATE_METHOD_MATCH = YES;
				"CODE_SIGN_IDENTITY[sdk=iphoneos*]" = "iPhone Developer";
				COPY_PHASE_STRIP = NO;
				DEBUG_INFORMATION_FORMAT = dwarf;
				ENABLE_STRICT_OBJC_MSGSEND = YES;
				ENABLE_TESTABILITY = YES;
				GCC_C_LANGUAGE_STANDARD = gnu99;
				GCC_DYNAMIC_NO_PIC = NO;
				GCC_NO_COMMON_BLOCKS = YES;
				GCC_OPTIMIZATION_LEVEL = 0;
				GCC_PREPROCESSOR_DEFINITIONS = (
					"DEBUG=1",
					"$(inherited)",
				);
				GCC_WARN_64_TO_32_BIT_CONVERSION = YES;
				GCC_WARN_ABOUT_RETURN_TYPE = YES_ERROR;
				GCC_WARN_UNDECLARED_SELECTOR = YES;
				GCC_WARN_UNINITIALIZED_AUTOS = YES_AGGRESSIVE;
				GCC_WARN_UNUSED_FUNCTION = YES;
				GCC_WARN_UNUSED_VARIABLE = YES;
				IPHONEOS_DEPLOYMENT_TARGET = 9.2;
				MTL_ENABLE_DEBUG_INFO = YES;
				ONLY_ACTIVE_ARCH = YES;
				SDKROOT = iphoneos;
				SWIFT_OPTIMIZATION_LEVEL = "-Onone";
			};
			name = Debug;
		};
		52F6A8AC1C5F0036000FD7B0 /* Release */ = {
			isa = XCBuildConfiguration;
			buildSettings = {
				ALWAYS_SEARCH_USER_PATHS = NO;
				CLANG_CXX_LANGUAGE_STANDARD = "gnu++0x";
				CLANG_CXX_LIBRARY = "libc++";
				CLANG_ENABLE_MODULES = YES;
				CLANG_ENABLE_OBJC_ARC = YES;
				CLANG_WARN_BOOL_CONVERSION = YES;
				CLANG_WARN_CONSTANT_CONVERSION = YES;
				CLANG_WARN_DIRECT_OBJC_ISA_USAGE = YES_ERROR;
				CLANG_WARN_EMPTY_BODY = YES;
				CLANG_WARN_ENUM_CONVERSION = YES;
				CLANG_WARN_INT_CONVERSION = YES;
				CLANG_WARN_OBJC_ROOT_CLASS = YES_ERROR;
				CLANG_WARN_UNREACHABLE_CODE = YES;
				CLANG_WARN__DUPLICATE_METHOD_MATCH = YES;
				"CODE_SIGN_IDENTITY[sdk=iphoneos*]" = "iPhone Developer";
				COPY_PHASE_STRIP = NO;
				DEBUG_INFORMATION_FORMAT = "dwarf-with-dsym";
				ENABLE_NS_ASSERTIONS = NO;
				ENABLE_STRICT_OBJC_MSGSEND = YES;
				GCC_C_LANGUAGE_STANDARD = gnu99;
				GCC_NO_COMMON_BLOCKS = YES;
				GCC_WARN_64_TO_32_BIT_CONVERSION = YES;
				GCC_WARN_ABOUT_RETURN_TYPE = YES_ERROR;
				GCC_WARN_UNDECLARED_SELECTOR = YES;
				GCC_WARN_UNINITIALIZED_AUTOS = YES_AGGRESSIVE;
				GCC_WARN_UNUSED_FUNCTION = YES;
				GCC_WARN_UNUSED_VARIABLE = YES;
				IPHONEOS_DEPLOYMENT_TARGET = 9.2;
				MTL_ENABLE_DEBUG_INFO = NO;
				SDKROOT = iphoneos;
				VALIDATE_PRODUCT = YES;
			};
			name = Release;
		};
		52F6A8AE1C5F0036000FD7B0 /* Debug */ = {
			isa = XCBuildConfiguration;
			buildSettings = {
				ASSETCATALOG_COMPILER_APPICON_NAME = AppIcon;
				CODE_SIGN_IDENTITY = "iPhone Developer";
				"CODE_SIGN_IDENTITY[sdk=iphoneos*]" = "iPhone Developer";
				INFOPLIST_FILE = WorkoutTracker/Info.plist;
				LD_RUNPATH_SEARCH_PATHS = "$(inherited) @executable_path/Frameworks";
				PRODUCT_BUNDLE_IDENTIFIER = com.gmail.stefan.auvergne.WorkoutTracker;
				PRODUCT_NAME = "$(TARGET_NAME)";
				PROVISIONING_PROFILE = "";
			};
			name = Debug;
		};
		52F6A8AF1C5F0036000FD7B0 /* Release */ = {
			isa = XCBuildConfiguration;
			buildSettings = {
				ASSETCATALOG_COMPILER_APPICON_NAME = AppIcon;
				CODE_SIGN_IDENTITY = "iPhone Developer";
				"CODE_SIGN_IDENTITY[sdk=iphoneos*]" = "iPhone Developer";
				INFOPLIST_FILE = WorkoutTracker/Info.plist;
				LD_RUNPATH_SEARCH_PATHS = "$(inherited) @executable_path/Frameworks";
				PRODUCT_BUNDLE_IDENTIFIER = com.gmail.stefan.auvergne.WorkoutTracker;
				PRODUCT_NAME = "$(TARGET_NAME)";
				PROVISIONING_PROFILE = "";
			};
			name = Release;
		};
/* End XCBuildConfiguration section */

/* Begin XCConfigurationList section */
		52F6A8961C5F0036000FD7B0 /* Build configuration list for PBXProject "WorkoutTracker" */ = {
			isa = XCConfigurationList;
			buildConfigurations = (
				52F6A8AB1C5F0036000FD7B0 /* Debug */,
				52F6A8AC1C5F0036000FD7B0 /* Release */,
			);
			defaultConfigurationIsVisible = 0;
			defaultConfigurationName = Release;
		};
		52F6A8AD1C5F0036000FD7B0 /* Build configuration list for PBXNativeTarget "WorkoutTracker" */ = {
			isa = XCConfigurationList;
			buildConfigurations = (
				52F6A8AE1C5F0036000FD7B0 /* Debug */,
				52F6A8AF1C5F0036000FD7B0 /* Release */,
			);
			defaultConfigurationIsVisible = 0;
			defaultConfigurationName = Release;
		};
/* End XCConfigurationList section */
	};
	rootObject = 52F6A8931C5F0036000FD7B0 /* Project object */;
}
